// !$*UTF8*$!
{
	archiveVersion = 1;
	classes = {
	};
	objectVersion = 51;
	objects = {

/* Begin PBXBuildFile section */
		66CFCC302446BAD400AE5F8D /* AppDelegate.swift in Sources */ = {isa = PBXBuildFile; fileRef = 66CFCC2F2446BAD400AE5F8D /* AppDelegate.swift */; };
		66CFCC322446BAD400AE5F8D /* SceneDelegate.swift in Sources */ = {isa = PBXBuildFile; fileRef = 66CFCC312446BAD400AE5F8D /* SceneDelegate.swift */; };
		66CFCC342446BAD400AE5F8D /* ContentView.swift in Sources */ = {isa = PBXBuildFile; fileRef = 66CFCC332446BAD400AE5F8D /* ContentView.swift */; };
		66CFCC362446BAD900AE5F8D /* Assets.xcassets in Resources */ = {isa = PBXBuildFile; fileRef = 66CFCC352446BAD900AE5F8D /* Assets.xcassets */; };
		66CFCC392446BAD900AE5F8D /* Preview Assets.xcassets in Resources */ = {isa = PBXBuildFile; fileRef = 66CFCC382446BAD900AE5F8D /* Preview Assets.xcassets */; };
		66CFCC3C2446BAD900AE5F8D /* LaunchScreen.storyboard in Resources */ = {isa = PBXBuildFile; fileRef = 66CFCC3A2446BAD900AE5F8D /* LaunchScreen.storyboard */; };
		66CFCC4624473B2400AE5F8D /* GoogleService-Info.plist in Resources */ = {isa = PBXBuildFile; fileRef = 66CFCC4524473B2400AE5F8D /* GoogleService-Info.plist */; };
		66CFCC4924473E5C00AE5F8D /* Account.swift in Sources */ = {isa = PBXBuildFile; fileRef = 66CFCC4824473E5C00AE5F8D /* Account.swift */; };
		66CFCC4C24473F3E00AE5F8D /* SavingYourAccount.swift in Sources */ = {isa = PBXBuildFile; fileRef = 66CFCC4B24473F3E00AE5F8D /* SavingYourAccount.swift */; };
		66CFCC50244743B700AE5F8D /* Networking.swift in Sources */ = {isa = PBXBuildFile; fileRef = 66CFCC4F244743B700AE5F8D /* Networking.swift */; };
		66CFCC522447442400AE5F8D /* Authentication.swift in Sources */ = {isa = PBXBuildFile; fileRef = 66CFCC512447442400AE5F8D /* Authentication.swift */; };
		E3ED0E79511E2AA4A2E394D4 /* Pods_SaveAccount.framework in Frameworks */ = {isa = PBXBuildFile; fileRef = 0169DE3DEC02DB1F2E3353D0 /* Pods_SaveAccount.framework */; };
/* End PBXBuildFile section */

/* Begin PBXFileReference section */
		0169DE3DEC02DB1F2E3353D0 /* Pods_SaveAccount.framework */ = {isa = PBXFileReference; explicitFileType = wrapper.framework; includeInIndex = 0; path = Pods_SaveAccount.framework; sourceTree = BUILT_PRODUCTS_DIR; };
		0DF79BBEEAB2E0453390B35E /* Pods-SaveAccount.debug.xcconfig */ = {isa = PBXFileReference; includeInIndex = 1; lastKnownFileType = text.xcconfig; name = "Pods-SaveAccount.debug.xcconfig"; path = "Target Support Files/Pods-SaveAccount/Pods-SaveAccount.debug.xcconfig"; sourceTree = "<group>"; };
		66CFCC2C2446BAD400AE5F8D /* SaveAccount.app */ = {isa = PBXFileReference; explicitFileType = wrapper.application; includeInIndex = 0; path = SaveAccount.app; sourceTree = BUILT_PRODUCTS_DIR; };
		66CFCC2F2446BAD400AE5F8D /* AppDelegate.swift */ = {isa = PBXFileReference; lastKnownFileType = sourcecode.swift; path = AppDelegate.swift; sourceTree = "<group>"; };
		66CFCC312446BAD400AE5F8D /* SceneDelegate.swift */ = {isa = PBXFileReference; lastKnownFileType = sourcecode.swift; path = SceneDelegate.swift; sourceTree = "<group>"; };
		66CFCC332446BAD400AE5F8D /* ContentView.swift */ = {isa = PBXFileReference; lastKnownFileType = sourcecode.swift; path = ContentView.swift; sourceTree = "<group>"; };
		66CFCC352446BAD900AE5F8D /* Assets.xcassets */ = {isa = PBXFileReference; lastKnownFileType = folder.assetcatalog; path = Assets.xcassets; sourceTree = "<group>"; };
		66CFCC382446BAD900AE5F8D /* Preview Assets.xcassets */ = {isa = PBXFileReference; lastKnownFileType = folder.assetcatalog; path = "Preview Assets.xcassets"; sourceTree = "<group>"; };
		66CFCC3B2446BAD900AE5F8D /* Base */ = {isa = PBXFileReference; lastKnownFileType = file.storyboard; name = Base; path = Base.lproj/LaunchScreen.storyboard; sourceTree = "<group>"; };
		66CFCC3D2446BAD900AE5F8D /* Info.plist */ = {isa = PBXFileReference; lastKnownFileType = text.plist.xml; path = Info.plist; sourceTree = "<group>"; };
		66CFCC4524473B2400AE5F8D /* GoogleService-Info.plist */ = {isa = PBXFileReference; fileEncoding = 4; lastKnownFileType = text.plist.xml; name = "GoogleService-Info.plist"; path = "../../../Downloads/GoogleService-Info.plist"; sourceTree = "<group>"; };
		66CFCC4824473E5C00AE5F8D /* Account.swift */ = {isa = PBXFileReference; lastKnownFileType = sourcecode.swift; path = Account.swift; sourceTree = "<group>"; };
		66CFCC4B24473F3E00AE5F8D /* SavingYourAccount.swift */ = {isa = PBXFileReference; lastKnownFileType = sourcecode.swift; path = SavingYourAccount.swift; sourceTree = "<group>"; };
		66CFCC4F244743B700AE5F8D /* Networking.swift */ = {isa = PBXFileReference; lastKnownFileType = sourcecode.swift; path = Networking.swift; sourceTree = "<group>"; };
		66CFCC512447442400AE5F8D /* Authentication.swift */ = {isa = PBXFileReference; lastKnownFileType = sourcecode.swift; path = Authentication.swift; sourceTree = "<group>"; };
		D6EFD12BB79A9EA3C2010D30 /* Pods-SaveAccount.release.xcconfig */ = {isa = PBXFileReference; includeInIndex = 1; lastKnownFileType = text.xcconfig; name = "Pods-SaveAccount.release.xcconfig"; path = "Target Support Files/Pods-SaveAccount/Pods-SaveAccount.release.xcconfig"; sourceTree = "<group>"; };
/* End PBXFileReference section */

/* Begin PBXFrameworksBuildPhase section */
		66CFCC292446BAD400AE5F8D /* Frameworks */ = {
			isa = PBXFrameworksBuildPhase;
			buildActionMask = 2147483647;
			files = (
				E3ED0E79511E2AA4A2E394D4 /* Pods_SaveAccount.framework in Frameworks */,
			);
			runOnlyForDeploymentPostprocessing = 0;
		};
/* End PBXFrameworksBuildPhase section */

/* Begin PBXGroup section */
		629DC0B88FF468E549A50DE9 /* Frameworks */ = {
			isa = PBXGroup;
			children = (
				0169DE3DEC02DB1F2E3353D0 /* Pods_SaveAccount.framework */,
			);
			name = Frameworks;
			sourceTree = "<group>";
		};
		66CFCC232446BAD400AE5F8D = {
			isa = PBXGroup;
			children = (
				66CFCC2E2446BAD400AE5F8D /* SaveAccount */,
				66CFCC2D2446BAD400AE5F8D /* Products */,
				D1004DDF42DDBC7EE74699F8 /* Pods */,
				629DC0B88FF468E549A50DE9 /* Frameworks */,
			);
			sourceTree = "<group>";
		};
		66CFCC2D2446BAD400AE5F8D /* Products */ = {
			isa = PBXGroup;
			children = (
				66CFCC2C2446BAD400AE5F8D /* SaveAccount.app */,
			);
			name = Products;
			sourceTree = "<group>";
		};
		66CFCC2E2446BAD400AE5F8D /* SaveAccount */ = {
			isa = PBXGroup;
			children = (
				66CFCC2F2446BAD400AE5F8D /* AppDelegate.swift */,
				66CFCC312446BAD400AE5F8D /* SceneDelegate.swift */,
				66CFCC4724473D6100AE5F8D /* Views */,
				66CFCC352446BAD900AE5F8D /* Assets.xcassets */,
				66CFCC3A2446BAD900AE5F8D /* LaunchScreen.storyboard */,
				66CFCC3D2446BAD900AE5F8D /* Info.plist */,
				66CFCC4524473B2400AE5F8D /* GoogleService-Info.plist */,
				66CFCC532447446700AE5F8D /* Networking */,
				66CFCC4A24473E6F00AE5F8D /* Models */,
				66CFCC372446BAD900AE5F8D /* Preview Content */,
			);
			path = SaveAccount;
			sourceTree = "<group>";
		};
		66CFCC372446BAD900AE5F8D /* Preview Content */ = {
			isa = PBXGroup;
			children = (
				66CFCC382446BAD900AE5F8D /* Preview Assets.xcassets */,
			);
			path = "Preview Content";
			sourceTree = "<group>";
		};
		66CFCC4724473D6100AE5F8D /* Views */ = {
			isa = PBXGroup;
			children = (
				66CFCC332446BAD400AE5F8D /* ContentView.swift */,
				66CFCC4B24473F3E00AE5F8D /* SavingYourAccount.swift */,
			);
			path = Views;
			sourceTree = "<group>";
		};
		66CFCC4A24473E6F00AE5F8D /* Models */ = {
			isa = PBXGroup;
			children = (
				66CFCC4824473E5C00AE5F8D /* Account.swift */,
			);
			path = Models;
			sourceTree = "<group>";
		};
		66CFCC532447446700AE5F8D /* Networking */ = {
			isa = PBXGroup;
			children = (
				66CFCC4F244743B700AE5F8D /* Networking.swift */,
				66CFCC512447442400AE5F8D /* Authentication.swift */,
			);
			name = Networking;
			path = Models/Networking;
			sourceTree = "<group>";
		};
		D1004DDF42DDBC7EE74699F8 /* Pods */ = {
			isa = PBXGroup;
			children = (
				0DF79BBEEAB2E0453390B35E /* Pods-SaveAccount.debug.xcconfig */,
				D6EFD12BB79A9EA3C2010D30 /* Pods-SaveAccount.release.xcconfig */,
			);
			path = Pods;
			sourceTree = "<group>";
		};
/* End PBXGroup section */

/* Begin PBXNativeTarget section */
		66CFCC2B2446BAD400AE5F8D /* SaveAccount */ = {
			isa = PBXNativeTarget;
			buildConfigurationList = 66CFCC402446BAD900AE5F8D /* Build configuration list for PBXNativeTarget "SaveAccount" */;
			buildPhases = (
				50F001CDE31B3282F51E5773 /* [CP] Check Pods Manifest.lock */,
				66CFCC282446BAD400AE5F8D /* Sources */,
				66CFCC292446BAD400AE5F8D /* Frameworks */,
				66CFCC2A2446BAD400AE5F8D /* Resources */,
				4143339637D8D9C54E67F127 /* [CP] Embed Pods Frameworks */,
			);
			buildRules = (
			);
			dependencies = (
			);
			name = SaveAccount;
			productName = SaveAccount;
			productReference = 66CFCC2C2446BAD400AE5F8D /* SaveAccount.app */;
			productType = "com.apple.product-type.application";
		};
/* End PBXNativeTarget section */

/* Begin PBXProject section */
		66CFCC242446BAD400AE5F8D /* Project object */ = {
			isa = PBXProject;
			attributes = {
				LastSwiftUpdateCheck = 1140;
				LastUpgradeCheck = 1140;
				ORGANIZATIONNAME = "Dalal Salem";
				TargetAttributes = {
					66CFCC2B2446BAD400AE5F8D = {
						CreatedOnToolsVersion = 11.4;
					};
				};
			};
			buildConfigurationList = 66CFCC272446BAD400AE5F8D /* Build configuration list for PBXProject "SaveAccount" */;
			compatibilityVersion = "Xcode 9.3";
			developmentRegion = en;
			hasScannedForEncodings = 0;
			knownRegions = (
				en,
				Base,
			);
			mainGroup = 66CFCC232446BAD400AE5F8D;
			productRefGroup = 66CFCC2D2446BAD400AE5F8D /* Products */;
			projectDirPath = "";
			projectRoot = "";
			targets = (
				66CFCC2B2446BAD400AE5F8D /* SaveAccount */,
			);
		};
/* End PBXProject section */

/* Begin PBXResourcesBuildPhase section */
		66CFCC2A2446BAD400AE5F8D /* Resources */ = {
			isa = PBXResourcesBuildPhase;
			buildActionMask = 2147483647;
			files = (
				66CFCC3C2446BAD900AE5F8D /* LaunchScreen.storyboard in Resources */,
				66CFCC4624473B2400AE5F8D /* GoogleService-Info.plist in Resources */,
				66CFCC392446BAD900AE5F8D /* Preview Assets.xcassets in Resources */,
				66CFCC362446BAD900AE5F8D /* Assets.xcassets in Resources */,
			);
			runOnlyForDeploymentPostprocessing = 0;
		};
/* End PBXResourcesBuildPhase section */

/* Begin PBXShellScriptBuildPhase section */
		4143339637D8D9C54E67F127 /* [CP] Embed Pods Frameworks */ = {
			isa = PBXShellScriptBuildPhase;
			buildActionMask = 2147483647;
			files = (
			);
			inputFileListPaths = (
				"${PODS_ROOT}/Target Support Files/Pods-SaveAccount/Pods-SaveAccount-frameworks-${CONFIGURATION}-input-files.xcfilelist",
			);
			name = "[CP] Embed Pods Frameworks";
			outputFileListPaths = (
				"${PODS_ROOT}/Target Support Files/Pods-SaveAccount/Pods-SaveAccount-frameworks-${CONFIGURATION}-output-files.xcfilelist",
			);
			runOnlyForDeploymentPostprocessing = 0;
			shellPath = /bin/sh;
			shellScript = "\"${PODS_ROOT}/Target Support Files/Pods-SaveAccount/Pods-SaveAccount-frameworks.sh\"\n";
			showEnvVarsInLog = 0;
		};
		50F001CDE31B3282F51E5773 /* [CP] Check Pods Manifest.lock */ = {
			isa = PBXShellScriptBuildPhase;
			buildActionMask = 2147483647;
			files = (
			);
			inputFileListPaths = (
			);
			inputPaths = (
				"${PODS_PODFILE_DIR_PATH}/Podfile.lock",
				"${PODS_ROOT}/Manifest.lock",
			);
			name = "[CP] Check Pods Manifest.lock";
			outputFileListPaths = (
			);
			outputPaths = (
				"$(DERIVED_FILE_DIR)/Pods-SaveAccount-checkManifestLockResult.txt",
			);
			runOnlyForDeploymentPostprocessing = 0;
			shellPath = /bin/sh;
			shellScript = "diff \"${PODS_PODFILE_DIR_PATH}/Podfile.lock\" \"${PODS_ROOT}/Manifest.lock\" > /dev/null\nif [ $? != 0 ] ; then\n    # print error to STDERR\n    echo \"error: The sandbox is not in sync with the Podfile.lock. Run 'pod install' or update your CocoaPods installation.\" >&2\n    exit 1\nfi\n# This output is used by Xcode 'outputs' to avoid re-running this script phase.\necho \"SUCCESS\" > \"${SCRIPT_OUTPUT_FILE_0}\"\n";
			showEnvVarsInLog = 0;
		};
/* End PBXShellScriptBuildPhase section */

/* Begin PBXSourcesBuildPhase section */
		66CFCC282446BAD400AE5F8D /* Sources */ = {
			isa = PBXSourcesBuildPhase;
			buildActionMask = 2147483647;
			files = (
				66CFCC522447442400AE5F8D /* Authentication.swift in Sources */,
				66CFCC302446BAD400AE5F8D /* AppDelegate.swift in Sources */,
				66CFCC4924473E5C00AE5F8D /* Account.swift in Sources */,
				66CFCC322446BAD400AE5F8D /* SceneDelegate.swift in Sources */,
				66CFCC50244743B700AE5F8D /* Networking.swift in Sources */,
				66CFCC4C24473F3E00AE5F8D /* SavingYourAccount.swift in Sources */,
				66CFCC342446BAD400AE5F8D /* ContentView.swift in Sources */,
			);
			runOnlyForDeploymentPostprocessing = 0;
		};
/* End PBXSourcesBuildPhase section */

/* Begin PBXVariantGroup section */
		66CFCC3A2446BAD900AE5F8D /* LaunchScreen.storyboard */ = {
			isa = PBXVariantGroup;
			children = (
				66CFCC3B2446BAD900AE5F8D /* Base */,
			);
			name = LaunchScreen.storyboard;
			sourceTree = "<group>";
		};
/* End PBXVariantGroup section */

/* Begin XCBuildConfiguration section */
		66CFCC3E2446BAD900AE5F8D /* Debug */ = {
			isa = XCBuildConfiguration;
			buildSettings = {
				ALWAYS_SEARCH_USER_PATHS = NO;
				CLANG_ANALYZER_NONNULL = YES;
				CLANG_ANALYZER_NUMBER_OBJECT_CONVERSION = YES_AGGRESSIVE;
				CLANG_CXX_LANGUAGE_STANDARD = "gnu++14";
				CLANG_CXX_LIBRARY = "libc++";
				CLANG_ENABLE_MODULES = YES;
				CLANG_ENABLE_OBJC_ARC = YES;
				CLANG_ENABLE_OBJC_WEAK = YES;
				CLANG_WARN_BLOCK_CAPTURE_AUTORELEASING = YES;
				CLANG_WARN_BOOL_CONVERSION = YES;
				CLANG_WARN_COMMA = YES;
				CLANG_WARN_CONSTANT_CONVERSION = YES;
				CLANG_WARN_DEPRECATED_OBJC_IMPLEMENTATIONS = YES;
				CLANG_WARN_DIRECT_OBJC_ISA_USAGE = YES_ERROR;
				CLANG_WARN_DOCUMENTATION_COMMENTS = YES;
				CLANG_WARN_EMPTY_BODY = YES;
				CLANG_WARN_ENUM_CONVERSION = YES;
				CLANG_WARN_INFINITE_RECURSION = YES;
				CLANG_WARN_INT_CONVERSION = YES;
				CLANG_WARN_NON_LITERAL_NULL_CONVERSION = YES;
				CLANG_WARN_OBJC_IMPLICIT_RETAIN_SELF = YES;
				CLANG_WARN_OBJC_LITERAL_CONVERSION = YES;
				CLANG_WARN_OBJC_ROOT_CLASS = YES_ERROR;
				CLANG_WARN_RANGE_LOOP_ANALYSIS = YES;
				CLANG_WARN_STRICT_PROTOTYPES = YES;
				CLANG_WARN_SUSPICIOUS_MOVE = YES;
				CLANG_WARN_UNGUARDED_AVAILABILITY = YES_AGGRESSIVE;
				CLANG_WARN_UNREACHABLE_CODE = YES;
				CLANG_WARN__DUPLICATE_METHOD_MATCH = YES;
				COPY_PHASE_STRIP = NO;
				DEBUG_INFORMATION_FORMAT = dwarf;
				ENABLE_STRICT_OBJC_MSGSEND = YES;
				ENABLE_TESTABILITY = YES;
				GCC_C_LANGUAGE_STANDARD = gnu11;
				GCC_DYNAMIC_NO_PIC = NO;
				GCC_NO_COMMON_BLOCKS = YES;
				GCC_OPTIMIZATION_LEVEL = 0;
				GCC_PREPROCESSOR_DEFINITIONS = (
					"DEBUG=1",
					"$(inherited)",
				);
				GCC_WARN_64_TO_32_BIT_CONVERSION = YES;
				GCC_WARN_ABOUT_RETURN_TYPE = YES_ERROR;
				GCC_WARN_UNDECLARED_SELECTOR = YES;
				GCC_WARN_UNINITIALIZED_AUTOS = YES_AGGRESSIVE;
				GCC_WARN_UNUSED_FUNCTION = YES;
				GCC_WARN_UNUSED_VARIABLE = YES;
				IPHONEOS_DEPLOYMENT_TARGET = 13.4;
				MTL_ENABLE_DEBUG_INFO = INCLUDE_SOURCE;
				MTL_FAST_MATH = YES;
				ONLY_ACTIVE_ARCH = YES;
				SDKROOT = iphoneos;
				SWIFT_ACTIVE_COMPILATION_CONDITIONS = DEBUG;
				SWIFT_OPTIMIZATION_LEVEL = "-Onone";
			};
			name = Debug;
		};
		66CFCC3F2446BAD900AE5F8D /* Release */ = {
			isa = XCBuildConfiguration;
			buildSettings = {
				ALWAYS_SEARCH_USER_PATHS = NO;
				CLANG_ANALYZER_NONNULL = YES;
				CLANG_ANALYZER_NUMBER_OBJECT_CONVERSION = YES_AGGRESSIVE;
				CLANG_CXX_LANGUAGE_STANDARD = "gnu++14";
				CLANG_CXX_LIBRARY = "libc++";
				CLANG_ENABLE_MODULES = YES;
				CLANG_ENABLE_OBJC_ARC = YES;
				CLANG_ENABLE_OBJC_WEAK = YES;
				CLANG_WARN_BLOCK_CAPTURE_AUTORELEASING = YES;
				CLANG_WARN_BOOL_CONVERSION = YES;
				CLANG_WARN_COMMA = YES;
				CLANG_WARN_CONSTANT_CONVERSION = YES;
				CLANG_WARN_DEPRECATED_OBJC_IMPLEMENTATIONS = YES;
				CLANG_WARN_DIRECT_OBJC_ISA_USAGE = YES_ERROR;
				CLANG_WARN_DOCUMENTATION_COMMENTS = YES;
				CLANG_WARN_EMPTY_BODY = YES;
				CLANG_WARN_ENUM_CONVERSION = YES;
				CLANG_WARN_INFINITE_RECURSION = YES;
				CLANG_WARN_INT_CONVERSION = YES;
				CLANG_WARN_NON_LITERAL_NULL_CONVERSION = YES;
				CLANG_WARN_OBJC_IMPLICIT_RETAIN_SELF = YES;
				CLANG_WARN_OBJC_LITERAL_CONVERSION = YES;
				CLANG_WARN_OBJC_ROOT_CLASS = YES_ERROR;
				CLANG_WARN_RANGE_LOOP_ANALYSIS = YES;
				CLANG_WARN_STRICT_PROTOTYPES = YES;
				CLANG_WARN_SUSPICIOUS_MOVE = YES;
				CLANG_WARN_UNGUARDED_AVAILABILITY = YES_AGGRESSIVE;
				CLANG_WARN_UNREACHABLE_CODE = YES;
				CLANG_WARN__DUPLICATE_METHOD_MATCH = YES;
				COPY_PHASE_STRIP = NO;
				DEBUG_INFORMATION_FORMAT = "dwarf-with-dsym";
				ENABLE_NS_ASSERTIONS = NO;
				ENABLE_STRICT_OBJC_MSGSEND = YES;
				GCC_C_LANGUAGE_STANDARD = gnu11;
				GCC_NO_COMMON_BLOCKS = YES;
				GCC_WARN_64_TO_32_BIT_CONVERSION = YES;
				GCC_WARN_ABOUT_RETURN_TYPE = YES_ERROR;
				GCC_WARN_UNDECLARED_SELECTOR = YES;
				GCC_WARN_UNINITIALIZED_AUTOS = YES_AGGRESSIVE;
				GCC_WARN_UNUSED_FUNCTION = YES;
				GCC_WARN_UNUSED_VARIABLE = YES;
				IPHONEOS_DEPLOYMENT_TARGET = 13.4;
				MTL_ENABLE_DEBUG_INFO = NO;
				MTL_FAST_MATH = YES;
				SDKROOT = iphoneos;
				SWIFT_COMPILATION_MODE = wholemodule;
				SWIFT_OPTIMIZATION_LEVEL = "-O";
				VALIDATE_PRODUCT = YES;
			};
			name = Release;
		};
		66CFCC412446BAD900AE5F8D /* Debug */ = {
			isa = XCBuildConfiguration;
			baseConfigurationReference = 0DF79BBEEAB2E0453390B35E /* Pods-SaveAccount.debug.xcconfig */;
			buildSettings = {
				ASSETCATALOG_COMPILER_APPICON_NAME = AppIcon;
				CODE_SIGN_STYLE = Automatic;
				DEVELOPMENT_ASSET_PATHS = "\"SaveAccount/Preview Content\"";
				ENABLE_PREVIEWS = YES;
				INFOPLIST_FILE = SaveAccount/Info.plist;
				LD_RUNPATH_SEARCH_PATHS = (
					"$(inherited)",
					"@executable_path/Frameworks",
				);
				PRODUCT_BUNDLE_IDENTIFIER = "com.example.apple-samplecode.SaveAccount";
				PRODUCT_NAME = "$(TARGET_NAME)";
				SWIFT_VERSION = 5.0;
				TARGETED_DEVICE_FAMILY = "1,2";
			};
			name = Debug;
		};
		66CFCC422446BAD900AE5F8D /* Release */ = {
			isa = XCBuildConfiguration;
			baseConfigurationReference = D6EFD12BB79A9EA3C2010D30 /* Pods-SaveAccount.release.xcconfig */;
			buildSettings = {
				ASSETCATALOG_COMPILER_APPICON_NAME = AppIcon;
				CODE_SIGN_STYLE = Automatic;
				DEVELOPMENT_ASSET_PATHS = "\"SaveAccount/Preview Content\"";
				ENABLE_PREVIEWS = YES;
				INFOPLIST_FILE = SaveAccount/Info.plist;
				LD_RUNPATH_SEARCH_PATHS = (
					"$(inherited)",
					"@executable_path/Frameworks",
				);
				PRODUCT_BUNDLE_IDENTIFIER = "com.example.apple-samplecode.SaveAccount";
				PRODUCT_NAME = "$(TARGET_NAME)";
				SWIFT_VERSION = 5.0;
				TARGETED_DEVICE_FAMILY = "1,2";
			};
			name = Release;
		};
/* End XCBuildConfiguration section */

/* Begin XCConfigurationList section */
		66CFCC272446BAD400AE5F8D /* Build configuration list for PBXProject "SaveAccount" */ = {
			isa = XCConfigurationList;
			buildConfigurations = (
				66CFCC3E2446BAD900AE5F8D /* Debug */,
				66CFCC3F2446BAD900AE5F8D /* Release */,
			);
			defaultConfigurationIsVisible = 0;
			defaultConfigurationName = Release;
		};
		66CFCC402446BAD900AE5F8D /* Build configuration list for PBXNativeTarget "SaveAccount" */ = {
			isa = XCConfigurationList;
			buildConfigurations = (
				66CFCC412446BAD900AE5F8D /* Debug */,
				66CFCC422446BAD900AE5F8D /* Release */,
			);
			defaultConfigurationIsVisible = 0;
			defaultConfigurationName = Release;
		};
/* End XCConfigurationList section */
	};
	rootObject = 66CFCC242446BAD400AE5F8D /* Project object */;
}
